
Microsoft Visual Studio Solution File, Format Version 12.00
# Visual Studio 15
VisualStudioVersion = 15.0.27428.2005
MinimumVisualStudioVersion = 10.0.40219.1
Project("{FAE04EC0-301F-11D3-BF4B-00C04F79EFBC}") = "mhq.Blog.Web", "mhq.Blog.Web\mhq.Blog.Web.csproj", "{9E87CE56-D4D5-4AC6-A0A6-7306C2BFB78C}"
EndProject
Project("{FAE04EC0-301F-11D3-BF4B-00C04F79EFBC}") = "mhq.Blog.Model", "mhq.Blog.Model\mhq.Blog.Model.csproj", "{937EF504-CC14-41C6-8C0B-551C9D7A55DA}"
EndProject
Project("{FAE04EC0-301F-11D3-BF4B-00C04F79EFBC}") = "mhq.Blog.DAL", "mhq.Blog.DAL\mhq.Blog.DAL.csproj", "{9A3DE102-105A-4B29-9113-9BEB6EFFC0A2}"
EndProject
Global
	GlobalSection(SolutionConfigurationPlatforms) = preSolution
		Debug|Any CPU = Debug|Any CPU
		Release|Any CPU = Release|Any CPU
	EndGlobalSection
	GlobalSection(ProjectConfigurationPlatforms) = postSolution
		{9E87CE56-D4D5-4AC6-A0A6-7306C2BFB78C}.Debug|Any CPU.ActiveCfg = Debug|Any CPU
		{9E87CE56-D4D5-4AC6-A0A6-7306C2BFB78C}.Debug|Any CPU.Build.0 = Debug|Any CPU
		{9E87CE56-D4D5-4AC6-A0A6-7306C2BFB78C}.Release|Any CPU.ActiveCfg = Release|Any CPU
		{9E87CE56-D4D5-4AC6-A0A6-7306C2BFB78C}.Release|Any CPU.Build.0 = Release|Any CPU
		{937EF504-CC14-41C6-8C0B-551C9D7A55DA}.Debug|Any CPU.ActiveCfg = Debug|Any CPU
		{937EF504-CC14-41C6-8C0B-551C9D7A55DA}.Debug|Any CPU.Build.0 = Debug|Any CPU
		{937EF504-CC14-41C6-8C0B-551C9D7A55DA}.Release|Any CPU.ActiveCfg = Release|Any CPU
		{937EF504-CC14-41C6-8C0B-551C9D7A55DA}.Release|Any CPU.Build.0 = Release|Any CPU
		{9A3DE102-105A-4B29-9113-9BEB6EFFC0A2}.Debug|Any CPU.ActiveCfg = Debug|Any CPU
		{9A3DE102-105A-4B29-9113-9BEB6EFFC0A2}.Debug|Any CPU.Build.0 = Debug|Any CPU
		{9A3DE102-105A-4B29-9113-9BEB6EFFC0A2}.Release|Any CPU.ActiveCfg = Release|Any CPU
		{9A3DE102-105A-4B29-9113-9BEB6EFFC0A2}.Release|Any CPU.Build.0 = Release|Any CPU
	EndGlobalSection
	GlobalSection(SolutionProperties) = preSolution
		HideSolutionNode = FALSE
	EndGlobalSection
	GlobalSection(ExtensibilityGlobals) = postSolution
		SolutionGuid = {D4C551DA-AC09-49B5-96E5-8C542E1616FD}
	EndGlobalSection
EndGlobal
